
Microsoft Visual Studio Solution File, Format Version 12.00
# Visual Studio Version 17
VisualStudioVersion = 17.5.33516.290
MinimumVisualStudioVersion = 10.0.40219.1
Project("{9A19103F-16F7-4668-BE54-9A1E7A4F7556}") = "Final02", "Final02\Final02.csproj", "{2CC83DA2-C3AA-4FB7-BBB0-83CE909FA0EE}"
EndProject
Global
	GlobalSection(SolutionConfigurationPlatforms) = preSolution
		Debug|Any CPU = Debug|Any CPU
		Release|Any CPU = Release|Any CPU
	EndGlobalSection
	GlobalSection(ProjectConfigurationPlatforms) = postSolution
		{2CC83DA2-C3AA-4FB7-BBB0-83CE909FA0EE}.Debug|Any CPU.ActiveCfg = Debug|Any CPU
		{2CC83DA2-C3AA-4FB7-BBB0-83CE909FA0EE}.Debug|Any CPU.Build.0 = Debug|Any CPU
		{2CC83DA2-C3AA-4FB7-BBB0-83CE909FA0EE}.Release|Any CPU.ActiveCfg = Release|Any CPU
		{2CC83DA2-C3AA-4FB7-BBB0-83CE909FA0EE}.Release|Any CPU.Build.0 = Release|Any CPU
	EndGlobalSection
	GlobalSection(SolutionProperties) = preSolution
		HideSolutionNode = FALSE
	EndGlobalSection
	GlobalSection(ExtensibilityGlobals) = postSolution
		SolutionGuid = {BEDED903-3A7E-41A4-9C1F-D799B1E19CBC}
	EndGlobalSection
EndGlobal
